RULE oo Not * * include
RULE oo And * * include
RULE oo TerminalTest * * include
RULE oo TerminalTest * * include
RULE oo TerminalListener * * include
RULE oo ValueTest * * include
RULE oo ValueTest * * include
RULE oo Or * * include
RULE oo NotTest * * include
RULE oo NotTest * * include
RULE oo Terminal$1 * * include
RULE oo AndTest * * include
RULE oo AndTest * * include
RULE oo Value$1 * * include
RULE oo Not$1 * * include
RULE oo And$1 * * include
RULE oo OrTest * * include
RULE oo OrTest * * include
RULE oo TerminalTest$1 * * include
RULE oo TerminalTest$1 * * include
RULE oo Value$2 * * include
RULE oo Or$1 * * include
RULE oo Terminal * * include
RULE oo Logic * * include
RULE oo Value$3 * * include
RULE oo Value * * include
